// !$*UTF8*$!
{
	archiveVersion = 1;
	classes = {
	};
	objectVersion = 50;
	objects = {

/* Begin PBXBuildFile section */
		D2CD845322E45500009783E5 /* AppDelegate.swift in Sources */ = {isa = PBXBuildFile; fileRef = D2CD845222E45500009783E5 /* AppDelegate.swift */; };
		D2CD845822E45500009783E5 /* Main.storyboard in Resources */ = {isa = PBXBuildFile; fileRef = D2CD845622E45500009783E5 /* Main.storyboard */; };
		D2CD845A22E45500009783E5 /* Assets.xcassets in Resources */ = {isa = PBXBuildFile; fileRef = D2CD845922E45500009783E5 /* Assets.xcassets */; };
		D2CD845D22E45500009783E5 /* LaunchScreen.storyboard in Resources */ = {isa = PBXBuildFile; fileRef = D2CD845B22E45500009783E5 /* LaunchScreen.storyboard */; };
		D2CD848922E49912009783E5 /* MainViewController.swift in Sources */ = {isa = PBXBuildFile; fileRef = D2CD848822E49912009783E5 /* MainViewController.swift */; };
		D2CD848B22E4992F009783E5 /* HomeTableViewController.swift in Sources */ = {isa = PBXBuildFile; fileRef = D2CD848A22E4992F009783E5 /* HomeTableViewController.swift */; };
		D2CD848D22E49943009783E5 /* MessageTableViewController.swift in Sources */ = {isa = PBXBuildFile; fileRef = D2CD848C22E49943009783E5 /* MessageTableViewController.swift */; };
		D2CD848F22E49951009783E5 /* DiscoverTableViewController.swift in Sources */ = {isa = PBXBuildFile; fileRef = D2CD848E22E49951009783E5 /* DiscoverTableViewController.swift */; };
		D2CD849122E4995F009783E5 /* ProfileTableViewController.swift in Sources */ = {isa = PBXBuildFile; fileRef = D2CD849022E4995F009783E5 /* ProfileTableViewController.swift */; };
		D2CD849522E49A19009783E5 /* main.json in Resources */ = {isa = PBXBuildFile; fileRef = D2CD849422E49A19009783E5 /* main.json */; };
		D2CD84A522E4B1CD009783E5 /* Home.storyboard in Resources */ = {isa = PBXBuildFile; fileRef = D2CD84A322E4B1CD009783E5 /* Home.storyboard */; };
		D2CD84A722E4B1EA009783E5 /* Message.storyboard in Resources */ = {isa = PBXBuildFile; fileRef = D2CD84A622E4B1EA009783E5 /* Message.storyboard */; };
		D2CD84AA22E4B1FE009783E5 /* Release.storyboard in Resources */ = {isa = PBXBuildFile; fileRef = D2CD84A822E4B1FE009783E5 /* Release.storyboard */; };
		D2CD84AC22E4B216009783E5 /* Discover.storyboard in Resources */ = {isa = PBXBuildFile; fileRef = D2CD84AB22E4B216009783E5 /* Discover.storyboard */; };
		D2CD84AF22E4B22A009783E5 /* Profile.storyboard in Resources */ = {isa = PBXBuildFile; fileRef = D2CD84AD22E4B22A009783E5 /* Profile.storyboard */; };
		D2CD84B322E4BA64009783E5 /* UIButton-Extension.swift in Sources */ = {isa = PBXBuildFile; fileRef = D2CD84B222E4BA64009783E5 /* UIButton-Extension.swift */; };
		D2E72EEB22E6EE060062C7BD /* BaseTableViewController.swift in Sources */ = {isa = PBXBuildFile; fileRef = D2E72EEA22E6EE060062C7BD /* BaseTableViewController.swift */; };
		D2E72EED22E6F05D0062C7BD /* VisitorView.swift in Sources */ = {isa = PBXBuildFile; fileRef = D2E72EEC22E6F05D0062C7BD /* VisitorView.swift */; };
		D2E72EEF22E6F0AA0062C7BD /* VisitorView.xib in Resources */ = {isa = PBXBuildFile; fileRef = D2E72EEE22E6F0AA0062C7BD /* VisitorView.xib */; };
		D2E72EF122E70E9C0062C7BD /* UIBarButtonItem-Extension.swift in Sources */ = {isa = PBXBuildFile; fileRef = D2E72EF022E70E9C0062C7BD /* UIBarButtonItem-Extension.swift */; };
		D2E72EF322E713F10062C7BD /* TitleButton.swift in Sources */ = {isa = PBXBuildFile; fileRef = D2E72EF222E713F10062C7BD /* TitleButton.swift */; };
/* End PBXBuildFile section */

/* Begin PBXFileReference section */
		D2CD844F22E45500009783E5 /* weibo.app */ = {isa = PBXFileReference; explicitFileType = wrapper.application; includeInIndex = 0; path = weibo.app; sourceTree = BUILT_PRODUCTS_DIR; };
		D2CD845222E45500009783E5 /* AppDelegate.swift */ = {isa = PBXFileReference; lastKnownFileType = sourcecode.swift; path = AppDelegate.swift; sourceTree = "<group>"; };
		D2CD845722E45500009783E5 /* Base */ = {isa = PBXFileReference; lastKnownFileType = file.storyboard; name = Base; path = Base.lproj/Main.storyboard; sourceTree = "<group>"; };
		D2CD845922E45500009783E5 /* Assets.xcassets */ = {isa = PBXFileReference; lastKnownFileType = folder.assetcatalog; path = Assets.xcassets; sourceTree = "<group>"; };
		D2CD845C22E45500009783E5 /* Base */ = {isa = PBXFileReference; lastKnownFileType = file.storyboard; name = Base; path = Base.lproj/LaunchScreen.storyboard; sourceTree = "<group>"; };
		D2CD845E22E45500009783E5 /* Info.plist */ = {isa = PBXFileReference; lastKnownFileType = text.plist.xml; path = Info.plist; sourceTree = "<group>"; };
		D2CD848822E49912009783E5 /* MainViewController.swift */ = {isa = PBXFileReference; fileEncoding = 4; lastKnownFileType = sourcecode.swift; path = MainViewController.swift; sourceTree = "<group>"; };
		D2CD848A22E4992F009783E5 /* HomeTableViewController.swift */ = {isa = PBXFileReference; fileEncoding = 4; lastKnownFileType = sourcecode.swift; path = HomeTableViewController.swift; sourceTree = "<group>"; };
		D2CD848C22E49943009783E5 /* MessageTableViewController.swift */ = {isa = PBXFileReference; fileEncoding = 4; lastKnownFileType = sourcecode.swift; path = MessageTableViewController.swift; sourceTree = "<group>"; };
		D2CD848E22E49951009783E5 /* DiscoverTableViewController.swift */ = {isa = PBXFileReference; fileEncoding = 4; lastKnownFileType = sourcecode.swift; path = DiscoverTableViewController.swift; sourceTree = "<group>"; };
		D2CD849022E4995F009783E5 /* ProfileTableViewController.swift */ = {isa = PBXFileReference; fileEncoding = 4; lastKnownFileType = sourcecode.swift; path = ProfileTableViewController.swift; sourceTree = "<group>"; };
		D2CD849422E49A19009783E5 /* main.json */ = {isa = PBXFileReference; fileEncoding = 4; lastKnownFileType = text.json; path = main.json; sourceTree = "<group>"; };
		D2CD84A422E4B1CD009783E5 /* Base */ = {isa = PBXFileReference; lastKnownFileType = file.storyboard; name = Base; path = weibo/Base.lproj/Home.storyboard; sourceTree = "<group>"; };
		D2CD84A622E4B1EA009783E5 /* Message.storyboard */ = {isa = PBXFileReference; fileEncoding = 4; lastKnownFileType = file.storyboard; path = Message.storyboard; sourceTree = "<group>"; };
		D2CD84A922E4B1FE009783E5 /* Base */ = {isa = PBXFileReference; lastKnownFileType = file.storyboard; name = Base; path = weibo/Base.lproj/Release.storyboard; sourceTree = "<group>"; };
		D2CD84AB22E4B216009783E5 /* Discover.storyboard */ = {isa = PBXFileReference; fileEncoding = 4; lastKnownFileType = file.storyboard; path = Discover.storyboard; sourceTree = "<group>"; };
		D2CD84AE22E4B22A009783E5 /* Base */ = {isa = PBXFileReference; lastKnownFileType = file.storyboard; name = Base; path = weibo/Base.lproj/Profile.storyboard; sourceTree = "<group>"; };
		D2CD84B222E4BA64009783E5 /* UIButton-Extension.swift */ = {isa = PBXFileReference; lastKnownFileType = sourcecode.swift; path = "UIButton-Extension.swift"; sourceTree = "<group>"; };
		D2E72EEA22E6EE060062C7BD /* BaseTableViewController.swift */ = {isa = PBXFileReference; lastKnownFileType = sourcecode.swift; path = BaseTableViewController.swift; sourceTree = "<group>"; };
		D2E72EEC22E6F05D0062C7BD /* VisitorView.swift */ = {isa = PBXFileReference; lastKnownFileType = sourcecode.swift; path = VisitorView.swift; sourceTree = "<group>"; };
		D2E72EEE22E6F0AA0062C7BD /* VisitorView.xib */ = {isa = PBXFileReference; lastKnownFileType = file.xib; path = VisitorView.xib; sourceTree = "<group>"; };
		D2E72EF022E70E9C0062C7BD /* UIBarButtonItem-Extension.swift */ = {isa = PBXFileReference; lastKnownFileType = sourcecode.swift; path = "UIBarButtonItem-Extension.swift"; sourceTree = "<group>"; };
		D2E72EF222E713F10062C7BD /* TitleButton.swift */ = {isa = PBXFileReference; lastKnownFileType = sourcecode.swift; path = TitleButton.swift; sourceTree = "<group>"; };
/* End PBXFileReference section */

/* Begin PBXFrameworksBuildPhase section */
		D2CD844C22E45500009783E5 /* Frameworks */ = {
			isa = PBXFrameworksBuildPhase;
			buildActionMask = 2147483647;
			files = (
			);
			runOnlyForDeploymentPostprocessing = 0;
		};
/* End PBXFrameworksBuildPhase section */

/* Begin PBXGroup section */
		D2CD844622E45500009783E5 = {
			isa = PBXGroup;
			children = (
				D2CD845122E45500009783E5 /* weibo */,
				D2CD845022E45500009783E5 /* Products */,
			);
			sourceTree = "<group>";
		};
		D2CD845022E45500009783E5 /* Products */ = {
			isa = PBXGroup;
			children = (
				D2CD844F22E45500009783E5 /* weibo.app */,
			);
			name = Products;
			sourceTree = "<group>";
		};
		D2CD845122E45500009783E5 /* weibo */ = {
			isa = PBXGroup;
			children = (
				D2CD846522E459AA009783E5 /* Classes */,
				D2CD84B022E4B2BC009783E5 /* Tools */,
				D2CD845222E45500009783E5 /* AppDelegate.swift */,
				D2CD84A822E4B1FE009783E5 /* Release.storyboard */,
				D2CD845922E45500009783E5 /* Assets.xcassets */,
				D2CD845B22E45500009783E5 /* LaunchScreen.storyboard */,
				D2CD849422E49A19009783E5 /* main.json */,
				D2CD845E22E45500009783E5 /* Info.plist */,
			);
			path = weibo;
			sourceTree = "<group>";
		};
		D2CD846522E459AA009783E5 /* Classes */ = {
			isa = PBXGroup;
			children = (
				D2E72EE622E6ED5C0062C7BD /* Visitor */,
				D2CD847622E459AA009783E5 /* Main */,
				D2CD846622E459AA009783E5 /* Home */,
				D2CD846E22E459AA009783E5 /* Message */,
				D2CD846A22E459AA009783E5 /* Discover */,
				D2CD847222E459AA009783E5 /* Profile */,
			);
			path = Classes;
			sourceTree = "<group>";
		};
		D2CD846622E459AA009783E5 /* Home */ = {
			isa = PBXGroup;
			children = (
				D2CD84A322E4B1CD009783E5 /* Home.storyboard */,
				D2CD846722E459AA009783E5 /* Controller */,
				D2CD846822E459AA009783E5 /* Model */,
				D2CD846922E459AA009783E5 /* View */,
			);
			path = Home;
			sourceTree = "<group>";
		};
		D2CD846722E459AA009783E5 /* Controller */ = {
			isa = PBXGroup;
			children = (
				D2CD848A22E4992F009783E5 /* HomeTableViewController.swift */,
			);
			path = Controller;
			sourceTree = "<group>";
		};
		D2CD846822E459AA009783E5 /* Model */ = {
			isa = PBXGroup;
			children = (
			);
			path = Model;
			sourceTree = "<group>";
		};
		D2CD846922E459AA009783E5 /* View */ = {
			isa = PBXGroup;
			children = (
			);
			path = View;
			sourceTree = "<group>";
		};
		D2CD846A22E459AA009783E5 /* Discover */ = {
			isa = PBXGroup;
			children = (
				D2CD84AB22E4B216009783E5 /* Discover.storyboard */,
				D2CD846B22E459AA009783E5 /* Controller */,
				D2CD846C22E459AA009783E5 /* Model */,
				D2CD846D22E459AA009783E5 /* View */,
			);
			path = Discover;
			sourceTree = "<group>";
		};
		D2CD846B22E459AA009783E5 /* Controller */ = {
			isa = PBXGroup;
			children = (
				D2CD848E22E49951009783E5 /* DiscoverTableViewController.swift */,
			);
			path = Controller;
			sourceTree = "<group>";
		};
		D2CD846C22E459AA009783E5 /* Model */ = {
			isa = PBXGroup;
			children = (
			);
			path = Model;
			sourceTree = "<group>";
		};
		D2CD846D22E459AA009783E5 /* View */ = {
			isa = PBXGroup;
			children = (
			);
			path = View;
			sourceTree = "<group>";
		};
		D2CD846E22E459AA009783E5 /* Message */ = {
			isa = PBXGroup;
			children = (
				D2CD84A622E4B1EA009783E5 /* Message.storyboard */,
				D2CD846F22E459AA009783E5 /* Controller */,
				D2CD847022E459AA009783E5 /* Model */,
				D2CD847122E459AA009783E5 /* View */,
			);
			path = Message;
			sourceTree = "<group>";
		};
		D2CD846F22E459AA009783E5 /* Controller */ = {
			isa = PBXGroup;
			children = (
				D2CD848C22E49943009783E5 /* MessageTableViewController.swift */,
			);
			path = Controller;
			sourceTree = "<group>";
		};
		D2CD847022E459AA009783E5 /* Model */ = {
			isa = PBXGroup;
			children = (
			);
			path = Model;
			sourceTree = "<group>";
		};
		D2CD847122E459AA009783E5 /* View */ = {
			isa = PBXGroup;
			children = (
			);
			path = View;
			sourceTree = "<group>";
		};
		D2CD847222E459AA009783E5 /* Profile */ = {
			isa = PBXGroup;
			children = (
				D2CD84AD22E4B22A009783E5 /* Profile.storyboard */,
				D2CD847322E459AA009783E5 /* Controller */,
				D2CD847422E459AA009783E5 /* Model */,
				D2CD847522E459AA009783E5 /* View */,
			);
			path = Profile;
			sourceTree = "<group>";
		};
		D2CD847322E459AA009783E5 /* Controller */ = {
			isa = PBXGroup;
			children = (
				D2CD849022E4995F009783E5 /* ProfileTableViewController.swift */,
			);
			path = Controller;
			sourceTree = "<group>";
		};
		D2CD847422E459AA009783E5 /* Model */ = {
			isa = PBXGroup;
			children = (
			);
			path = Model;
			sourceTree = "<group>";
		};
		D2CD847522E459AA009783E5 /* View */ = {
			isa = PBXGroup;
			children = (
			);
			path = View;
			sourceTree = "<group>";
		};
		D2CD847622E459AA009783E5 /* Main */ = {
			isa = PBXGroup;
			children = (
				D2CD845622E45500009783E5 /* Main.storyboard */,
				D2CD847722E459AA009783E5 /* Controller */,
				D2CD847822E459AA009783E5 /* Model */,
				D2CD847922E459AA009783E5 /* View */,
			);
			path = Main;
			sourceTree = "<group>";
		};
		D2CD847722E459AA009783E5 /* Controller */ = {
			isa = PBXGroup;
			children = (
				D2CD848822E49912009783E5 /* MainViewController.swift */,
			);
			path = Controller;
			sourceTree = "<group>";
		};
		D2CD847822E459AA009783E5 /* Model */ = {
			isa = PBXGroup;
			children = (
			);
			path = Model;
			sourceTree = "<group>";
		};
		D2CD847922E459AA009783E5 /* View */ = {
			isa = PBXGroup;
			children = (
			);
			path = View;
			sourceTree = "<group>";
		};
		D2CD84B022E4B2BC009783E5 /* Tools */ = {
			isa = PBXGroup;
			children = (
				D2CD84B122E4BA1F009783E5 /* Category */,
			);
			name = Tools;
			path = weibo/Tools;
			sourceTree = SOURCE_ROOT;
		};
		D2CD84B122E4BA1F009783E5 /* Category */ = {
			isa = PBXGroup;
			children = (
				D2CD84B222E4BA64009783E5 /* UIButton-Extension.swift */,
				D2E72EF022E70E9C0062C7BD /* UIBarButtonItem-Extension.swift */,
				D2E72EF222E713F10062C7BD /* TitleButton.swift */,
			);
			path = Category;
			sourceTree = "<group>";
		};
		D2E72EE622E6ED5C0062C7BD /* Visitor */ = {
			isa = PBXGroup;
			children = (
				D2E72EE722E6ED7C0062C7BD /* Controller */,
				D2E72EE822E6ED8C0062C7BD /* View */,
				D2E72EE922E6ED980062C7BD /* Model */,
			);
			path = Visitor;
			sourceTree = "<group>";
		};
		D2E72EE722E6ED7C0062C7BD /* Controller */ = {
			isa = PBXGroup;
			children = (
				D2E72EEA22E6EE060062C7BD /* BaseTableViewController.swift */,
			);
			path = Controller;
			sourceTree = "<group>";
		};
		D2E72EE822E6ED8C0062C7BD /* View */ = {
			isa = PBXGroup;
			children = (
				D2E72EEC22E6F05D0062C7BD /* VisitorView.swift */,
				D2E72EEE22E6F0AA0062C7BD /* VisitorView.xib */,
			);
			path = View;
			sourceTree = "<group>";
		};
		D2E72EE922E6ED980062C7BD /* Model */ = {
			isa = PBXGroup;
			children = (
			);
			path = Model;
			sourceTree = "<group>";
		};
/* End PBXGroup section */

/* Begin PBXNativeTarget section */
		D2CD844E22E45500009783E5 /* weibo */ = {
			isa = PBXNativeTarget;
			buildConfigurationList = D2CD846122E45500009783E5 /* Build configuration list for PBXNativeTarget "weibo" */;
			buildPhases = (
				D2CD844B22E45500009783E5 /* Sources */,
				D2CD844C22E45500009783E5 /* Frameworks */,
				D2CD844D22E45500009783E5 /* Resources */,
			);
			buildRules = (
			);
			dependencies = (
			);
			name = weibo;
			productName = weibo;
			productReference = D2CD844F22E45500009783E5 /* weibo.app */;
			productType = "com.apple.product-type.application";
		};
/* End PBXNativeTarget section */

/* Begin PBXProject section */
		D2CD844722E45500009783E5 /* Project object */ = {
			isa = PBXProject;
			attributes = {
				LastSwiftUpdateCheck = 1000;
				LastUpgradeCheck = 1000;
				ORGANIZATIONNAME = monstar;
				TargetAttributes = {
					D2CD844E22E45500009783E5 = {
						CreatedOnToolsVersion = 10.0;
					};
				};
			};
			buildConfigurationList = D2CD844A22E45500009783E5 /* Build configuration list for PBXProject "weibo" */;
			compatibilityVersion = "Xcode 9.3";
			developmentRegion = en;
			hasScannedForEncodings = 0;
			knownRegions = (
				en,
				Base,
			);
			mainGroup = D2CD844622E45500009783E5;
			productRefGroup = D2CD845022E45500009783E5 /* Products */;
			projectDirPath = "";
			projectRoot = "";
			targets = (
				D2CD844E22E45500009783E5 /* weibo */,
			);
		};
/* End PBXProject section */

/* Begin PBXResourcesBuildPhase section */
		D2CD844D22E45500009783E5 /* Resources */ = {
			isa = PBXResourcesBuildPhase;
			buildActionMask = 2147483647;
			files = (
				D2CD845D22E45500009783E5 /* LaunchScreen.storyboard in Resources */,
				D2E72EEF22E6F0AA0062C7BD /* VisitorView.xib in Resources */,
				D2CD84AC22E4B216009783E5 /* Discover.storyboard in Resources */,
				D2CD84A522E4B1CD009783E5 /* Home.storyboard in Resources */,
				D2CD845A22E45500009783E5 /* Assets.xcassets in Resources */,
				D2CD849522E49A19009783E5 /* main.json in Resources */,
				D2CD84A722E4B1EA009783E5 /* Message.storyboard in Resources */,
				D2CD84AF22E4B22A009783E5 /* Profile.storyboard in Resources */,
				D2CD845822E45500009783E5 /* Main.storyboard in Resources */,
				D2CD84AA22E4B1FE009783E5 /* Release.storyboard in Resources */,
			);
			runOnlyForDeploymentPostprocessing = 0;
		};
/* End PBXResourcesBuildPhase section */

/* Begin PBXSourcesBuildPhase section */
		D2CD844B22E45500009783E5 /* Sources */ = {
			isa = PBXSourcesBuildPhase;
			buildActionMask = 2147483647;
			files = (
				D2E72EF122E70E9C0062C7BD /* UIBarButtonItem-Extension.swift in Sources */,
				D2CD849122E4995F009783E5 /* ProfileTableViewController.swift in Sources */,
				D2CD84B322E4BA64009783E5 /* UIButton-Extension.swift in Sources */,
				D2E72EEB22E6EE060062C7BD /* BaseTableViewController.swift in Sources */,
				D2E72EF322E713F10062C7BD /* TitleButton.swift in Sources */,
				D2CD848B22E4992F009783E5 /* HomeTableViewController.swift in Sources */,
				D2CD845322E45500009783E5 /* AppDelegate.swift in Sources */,
				D2CD848D22E49943009783E5 /* MessageTableViewController.swift in Sources */,
				D2E72EED22E6F05D0062C7BD /* VisitorView.swift in Sources */,
				D2CD848F22E49951009783E5 /* DiscoverTableViewController.swift in Sources */,
				D2CD848922E49912009783E5 /* MainViewController.swift in Sources */,
			);
			runOnlyForDeploymentPostprocessing = 0;
		};
/* End PBXSourcesBuildPhase section */

/* Begin PBXVariantGroup section */
		D2CD845622E45500009783E5 /* Main.storyboard */ = {
			isa = PBXVariantGroup;
			children = (
				D2CD845722E45500009783E5 /* Base */,
			);
			name = Main.storyboard;
			sourceTree = "<group>";
		};
		D2CD845B22E45500009783E5 /* LaunchScreen.storyboard */ = {
			isa = PBXVariantGroup;
			children = (
				D2CD845C22E45500009783E5 /* Base */,
			);
			name = LaunchScreen.storyboard;
			sourceTree = "<group>";
		};
		D2CD84A322E4B1CD009783E5 /* Home.storyboard */ = {
			isa = PBXVariantGroup;
			children = (
				D2CD84A422E4B1CD009783E5 /* Base */,
			);
			name = Home.storyboard;
			sourceTree = "<group>";
		};
		D2CD84A822E4B1FE009783E5 /* Release.storyboard */ = {
			isa = PBXVariantGroup;
			children = (
				D2CD84A922E4B1FE009783E5 /* Base */,
			);
			name = Release.storyboard;
			sourceTree = "<group>";
		};
		D2CD84AD22E4B22A009783E5 /* Profile.storyboard */ = {
			isa = PBXVariantGroup;
			children = (
				D2CD84AE22E4B22A009783E5 /* Base */,
			);
			name = Profile.storyboard;
			sourceTree = "<group>";
		};
/* End PBXVariantGroup section */

/* Begin XCBuildConfiguration section */
		D2CD845F22E45500009783E5 /* Debug */ = {
			isa = XCBuildConfiguration;
			buildSettings = {
				ALWAYS_SEARCH_USER_PATHS = NO;
				CLANG_ANALYZER_NONNULL = YES;
				CLANG_ANALYZER_NUMBER_OBJECT_CONVERSION = YES_AGGRESSIVE;
				CLANG_CXX_LANGUAGE_STANDARD = "gnu++14";
				CLANG_CXX_LIBRARY = "libc++";
				CLANG_ENABLE_MODULES = YES;
				CLANG_ENABLE_OBJC_ARC = YES;
				CLANG_ENABLE_OBJC_WEAK = YES;
				CLANG_WARN_BLOCK_CAPTURE_AUTORELEASING = YES;
				CLANG_WARN_BOOL_CONVERSION = YES;
				CLANG_WARN_COMMA = YES;
				CLANG_WARN_CONSTANT_CONVERSION = YES;
				CLANG_WARN_DEPRECATED_OBJC_IMPLEMENTATIONS = YES;
				CLANG_WARN_DIRECT_OBJC_ISA_USAGE = YES_ERROR;
				CLANG_WARN_DOCUMENTATION_COMMENTS = YES;
				CLANG_WARN_EMPTY_BODY = YES;
				CLANG_WARN_ENUM_CONVERSION = YES;
				CLANG_WARN_INFINITE_RECURSION = YES;
				CLANG_WARN_INT_CONVERSION = YES;
				CLANG_WARN_NON_LITERAL_NULL_CONVERSION = YES;
				CLANG_WARN_OBJC_IMPLICIT_RETAIN_SELF = YES;
				CLANG_WARN_OBJC_LITERAL_CONVERSION = YES;
				CLANG_WARN_OBJC_ROOT_CLASS = YES_ERROR;
				CLANG_WARN_RANGE_LOOP_ANALYSIS = YES;
				CLANG_WARN_STRICT_PROTOTYPES = YES;
				CLANG_WARN_SUSPICIOUS_MOVE = YES;
				CLANG_WARN_UNGUARDED_AVAILABILITY = YES_AGGRESSIVE;
				CLANG_WARN_UNREACHABLE_CODE = YES;
				CLANG_WARN__DUPLICATE_METHOD_MATCH = YES;
				CODE_SIGN_IDENTITY = "iPhone Developer";
				COPY_PHASE_STRIP = NO;
				DEBUG_INFORMATION_FORMAT = dwarf;
				ENABLE_STRICT_OBJC_MSGSEND = YES;
				ENABLE_TESTABILITY = YES;
				GCC_C_LANGUAGE_STANDARD = gnu11;
				GCC_DYNAMIC_NO_PIC = NO;
				GCC_NO_COMMON_BLOCKS = YES;
				GCC_OPTIMIZATION_LEVEL = 0;
				GCC_PREPROCESSOR_DEFINITIONS = (
					"DEBUG=1",
					"$(inherited)",
				);
				GCC_WARN_64_TO_32_BIT_CONVERSION = YES;
				GCC_WARN_ABOUT_RETURN_TYPE = YES_ERROR;
				GCC_WARN_UNDECLARED_SELECTOR = YES;
				GCC_WARN_UNINITIALIZED_AUTOS = YES_AGGRESSIVE;
				GCC_WARN_UNUSED_FUNCTION = YES;
				GCC_WARN_UNUSED_VARIABLE = YES;
				IPHONEOS_DEPLOYMENT_TARGET = 12.0;
				MTL_ENABLE_DEBUG_INFO = INCLUDE_SOURCE;
				MTL_FAST_MATH = YES;
				ONLY_ACTIVE_ARCH = YES;
				SDKROOT = iphoneos;
				SWIFT_ACTIVE_COMPILATION_CONDITIONS = DEBUG;
				SWIFT_OPTIMIZATION_LEVEL = "-Onone";
			};
			name = Debug;
		};
		D2CD846022E45500009783E5 /* Release */ = {
			isa = XCBuildConfiguration;
			buildSettings = {
				ALWAYS_SEARCH_USER_PATHS = NO;
				CLANG_ANALYZER_NONNULL = YES;
				CLANG_ANALYZER_NUMBER_OBJECT_CONVERSION = YES_AGGRESSIVE;
				CLANG_CXX_LANGUAGE_STANDARD = "gnu++14";
				CLANG_CXX_LIBRARY = "libc++";
				CLANG_ENABLE_MODULES = YES;
				CLANG_ENABLE_OBJC_ARC = YES;
				CLANG_ENABLE_OBJC_WEAK = YES;
				CLANG_WARN_BLOCK_CAPTURE_AUTORELEASING = YES;
				CLANG_WARN_BOOL_CONVERSION = YES;
				CLANG_WARN_COMMA = YES;
				CLANG_WARN_CONSTANT_CONVERSION = YES;
				CLANG_WARN_DEPRECATED_OBJC_IMPLEMENTATIONS = YES;
				CLANG_WARN_DIRECT_OBJC_ISA_USAGE = YES_ERROR;
				CLANG_WARN_DOCUMENTATION_COMMENTS = YES;
				CLANG_WARN_EMPTY_BODY = YES;
				CLANG_WARN_ENUM_CONVERSION = YES;
				CLANG_WARN_INFINITE_RECURSION = YES;
				CLANG_WARN_INT_CONVERSION = YES;
				CLANG_WARN_NON_LITERAL_NULL_CONVERSION = YES;
				CLANG_WARN_OBJC_IMPLICIT_RETAIN_SELF = YES;
				CLANG_WARN_OBJC_LITERAL_CONVERSION = YES;
				CLANG_WARN_OBJC_ROOT_CLASS = YES_ERROR;
				CLANG_WARN_RANGE_LOOP_ANALYSIS = YES;
				CLANG_WARN_STRICT_PROTOTYPES = YES;
				CLANG_WARN_SUSPICIOUS_MOVE = YES;
				CLANG_WARN_UNGUARDED_AVAILABILITY = YES_AGGRESSIVE;
				CLANG_WARN_UNREACHABLE_CODE = YES;
				CLANG_WARN__DUPLICATE_METHOD_MATCH = YES;
				CODE_SIGN_IDENTITY = "iPhone Developer";
				COPY_PHASE_STRIP = NO;
				DEBUG_INFORMATION_FORMAT = "dwarf-with-dsym";
				ENABLE_NS_ASSERTIONS = NO;
				ENABLE_STRICT_OBJC_MSGSEND = YES;
				GCC_C_LANGUAGE_STANDARD = gnu11;
				GCC_NO_COMMON_BLOCKS = YES;
				GCC_WARN_64_TO_32_BIT_CONVERSION = YES;
				GCC_WARN_ABOUT_RETURN_TYPE = YES_ERROR;
				GCC_WARN_UNDECLARED_SELECTOR = YES;
				GCC_WARN_UNINITIALIZED_AUTOS = YES_AGGRESSIVE;
				GCC_WARN_UNUSED_FUNCTION = YES;
				GCC_WARN_UNUSED_VARIABLE = YES;
				IPHONEOS_DEPLOYMENT_TARGET = 12.0;
				MTL_ENABLE_DEBUG_INFO = NO;
				MTL_FAST_MATH = YES;
				SDKROOT = iphoneos;
				SWIFT_COMPILATION_MODE = wholemodule;
				SWIFT_OPTIMIZATION_LEVEL = "-O";
				VALIDATE_PRODUCT = YES;
			};
			name = Release;
		};
		D2CD846222E45500009783E5 /* Debug */ = {
			isa = XCBuildConfiguration;
			buildSettings = {
				ASSETCATALOG_COMPILER_APPICON_NAME = "AppIcon-1";
				ASSETCATALOG_COMPILER_LAUNCHIMAGE_NAME = LaunchImage;
				CODE_SIGN_STYLE = Automatic;
				INFOPLIST_FILE = weibo/Info.plist;
				IPHONEOS_DEPLOYMENT_TARGET = 9.0;
				LD_RUNPATH_SEARCH_PATHS = (
					"$(inherited)",
					"@executable_path/Frameworks",
				);
				PRODUCT_BUNDLE_IDENTIFIER = ccw.weibo;
				PRODUCT_NAME = "$(TARGET_NAME)";
				SWIFT_VERSION = 4.2;
				TARGETED_DEVICE_FAMILY = 1;
			};
			name = Debug;
		};
		D2CD846322E45500009783E5 /* Release */ = {
			isa = XCBuildConfiguration;
			buildSettings = {
				ASSETCATALOG_COMPILER_APPICON_NAME = "AppIcon-1";
				ASSETCATALOG_COMPILER_LAUNCHIMAGE_NAME = LaunchImage;
				CODE_SIGN_STYLE = Automatic;
				INFOPLIST_FILE = weibo/Info.plist;
				IPHONEOS_DEPLOYMENT_TARGET = 9.0;
				LD_RUNPATH_SEARCH_PATHS = (
					"$(inherited)",
					"@executable_path/Frameworks",
				);
				PRODUCT_BUNDLE_IDENTIFIER = ccw.weibo;
				PRODUCT_NAME = "$(TARGET_NAME)";
				SWIFT_VERSION = 4.2;
				TARGETED_DEVICE_FAMILY = 1;
			};
			name = Release;
		};
/* End XCBuildConfiguration section */

/* Begin XCConfigurationList section */
		D2CD844A22E45500009783E5 /* Build configuration list for PBXProject "weibo" */ = {
			isa = XCConfigurationList;
			buildConfigurations = (
				D2CD845F22E45500009783E5 /* Debug */,
				D2CD846022E45500009783E5 /* Release */,
			);
			defaultConfigurationIsVisible = 0;
			defaultConfigurationName = Release;
		};
		D2CD846122E45500009783E5 /* Build configuration list for PBXNativeTarget "weibo" */ = {
			isa = XCConfigurationList;
			buildConfigurations = (
				D2CD846222E45500009783E5 /* Debug */,
				D2CD846322E45500009783E5 /* Release */,
			);
			defaultConfigurationIsVisible = 0;
			defaultConfigurationName = Release;
		};
/* End XCConfigurationList section */
	};
	rootObject = D2CD844722E45500009783E5 /* Project object */;
}
